
Microsoft Visual Studio Solution File, Format Version 12.00
# Visual Studio Version 17
VisualStudioVersion = 17.6.33723.286
MinimumVisualStudioVersion = 10.0.40219.1
Project("{8BC9CEB8-8B4A-11D0-8D11-00A0C91BC942}") = "점수 정렬 알고리즘", "점수 정렬 알고리즘\점수 정렬 알고리즘.vcxproj", "{BD9E31EF-C7A0-4432-A321-7DBBCBDB9FFB}"
EndProject
Global
	GlobalSection(SolutionConfigurationPlatforms) = preSolution
		Debug|x64 = Debug|x64
		Debug|x86 = Debug|x86
		Release|x64 = Release|x64
		Release|x86 = Release|x86
	EndGlobalSection
	GlobalSection(ProjectConfigurationPlatforms) = postSolution
		{BD9E31EF-C7A0-4432-A321-7DBBCBDB9FFB}.Debug|x64.ActiveCfg = Debug|x64
		{BD9E31EF-C7A0-4432-A321-7DBBCBDB9FFB}.Debug|x64.Build.0 = Debug|x64
		{BD9E31EF-C7A0-4432-A321-7DBBCBDB9FFB}.Debug|x86.ActiveCfg = Debug|Win32
		{BD9E31EF-C7A0-4432-A321-7DBBCBDB9FFB}.Debug|x86.Build.0 = Debug|Win32
		{BD9E31EF-C7A0-4432-A321-7DBBCBDB9FFB}.Release|x64.ActiveCfg = Release|x64
		{BD9E31EF-C7A0-4432-A321-7DBBCBDB9FFB}.Release|x64.Build.0 = Release|x64
		{BD9E31EF-C7A0-4432-A321-7DBBCBDB9FFB}.Release|x86.ActiveCfg = Release|Win32
		{BD9E31EF-C7A0-4432-A321-7DBBCBDB9FFB}.Release|x86.Build.0 = Release|Win32
	EndGlobalSection
	GlobalSection(SolutionProperties) = preSolution
		HideSolutionNode = FALSE
	EndGlobalSection
	GlobalSection(ExtensibilityGlobals) = postSolution
		SolutionGuid = {45A3A6F3-7FA1-4221-8606-F6E38AD51C77}
	EndGlobalSection
EndGlobal
