
Microsoft Visual Studio Solution File, Format Version 12.00
# Visual Studio Version 17
VisualStudioVersion = 17.6.33723.286
MinimumVisualStudioVersion = 10.0.40219.1
Project("{8BC9CEB8-8B4A-11D0-8D11-00A0C91BC942}") = "sort_prime_number", "sort_prime_number\sort_prime_number.vcxproj", "{D1616451-4AA5-4562-BA74-0975BCFA13E0}"
EndProject
Global
	GlobalSection(SolutionConfigurationPlatforms) = preSolution
		Debug|x64 = Debug|x64
		Debug|x86 = Debug|x86
		Release|x64 = Release|x64
		Release|x86 = Release|x86
	EndGlobalSection
	GlobalSection(ProjectConfigurationPlatforms) = postSolution
		{D1616451-4AA5-4562-BA74-0975BCFA13E0}.Debug|x64.ActiveCfg = Debug|x64
		{D1616451-4AA5-4562-BA74-0975BCFA13E0}.Debug|x64.Build.0 = Debug|x64
		{D1616451-4AA5-4562-BA74-0975BCFA13E0}.Debug|x86.ActiveCfg = Debug|Win32
		{D1616451-4AA5-4562-BA74-0975BCFA13E0}.Debug|x86.Build.0 = Debug|Win32
		{D1616451-4AA5-4562-BA74-0975BCFA13E0}.Release|x64.ActiveCfg = Release|x64
		{D1616451-4AA5-4562-BA74-0975BCFA13E0}.Release|x64.Build.0 = Release|x64
		{D1616451-4AA5-4562-BA74-0975BCFA13E0}.Release|x86.ActiveCfg = Release|Win32
		{D1616451-4AA5-4562-BA74-0975BCFA13E0}.Release|x86.Build.0 = Release|Win32
	EndGlobalSection
	GlobalSection(SolutionProperties) = preSolution
		HideSolutionNode = FALSE
	EndGlobalSection
	GlobalSection(ExtensibilityGlobals) = postSolution
		SolutionGuid = {D1969C15-C066-420C-B581-C3198836A2CF}
	EndGlobalSection
EndGlobal
